
Microsoft Visual Studio Solution File, Format Version 12.00
# Visual Studio Version 16
VisualStudioVersion = 16.0.30011.22
MinimumVisualStudioVersion = 10.0.40219.1
Project("{FAE04EC0-301F-11D3-BF4B-00C04F79EFBC}") = "Task_Epam_1", "Task_Epam_1\Task_Epam_1.csproj", "{C9667CD0-3D66-4FF7-92E1-1DEA94C78570}"
EndProject
Project("{FAE04EC0-301F-11D3-BF4B-00C04F79EFBC}") = "Class_Library_Epam", "Class_Library_Epam\Class_Library_Epam.csproj", "{D0491448-F67F-4081-92B9-110BBADA390E}"
EndProject
Global
	GlobalSection(SolutionConfigurationPlatforms) = preSolution
		Debug|Any CPU = Debug|Any CPU
		Release|Any CPU = Release|Any CPU
	EndGlobalSection
	GlobalSection(ProjectConfigurationPlatforms) = postSolution
		{C9667CD0-3D66-4FF7-92E1-1DEA94C78570}.Debug|Any CPU.ActiveCfg = Debug|Any CPU
		{C9667CD0-3D66-4FF7-92E1-1DEA94C78570}.Debug|Any CPU.Build.0 = Debug|Any CPU
		{C9667CD0-3D66-4FF7-92E1-1DEA94C78570}.Release|Any CPU.ActiveCfg = Release|Any CPU
		{C9667CD0-3D66-4FF7-92E1-1DEA94C78570}.Release|Any CPU.Build.0 = Release|Any CPU
		{D0491448-F67F-4081-92B9-110BBADA390E}.Debug|Any CPU.ActiveCfg = Debug|Any CPU
		{D0491448-F67F-4081-92B9-110BBADA390E}.Debug|Any CPU.Build.0 = Debug|Any CPU
		{D0491448-F67F-4081-92B9-110BBADA390E}.Release|Any CPU.ActiveCfg = Release|Any CPU
		{D0491448-F67F-4081-92B9-110BBADA390E}.Release|Any CPU.Build.0 = Release|Any CPU
	EndGlobalSection
	GlobalSection(SolutionProperties) = preSolution
		HideSolutionNode = FALSE
	EndGlobalSection
	GlobalSection(ExtensibilityGlobals) = postSolution
		SolutionGuid = {02A712CB-89E7-4242-93CA-6E876FC939C7}
	EndGlobalSection
EndGlobal
